{
    "_readme": [
        "This file locks the dependencies of your project to a known state",
        "Read more about it at https://getcomposer.org/doc/01-basic-usage.md#installing-dependencies",
        "This file is @generated automatically"
    ],
    "content-hash": "96b9d2efda53acb22948852075233c33",
    "packages": [
        {
            "name": "psr/simple-cache",
            "version": "3.0.0",
            "source": {
                "type": "git",
                "url": "https://github.com/php-fig/simple-cache.git",
                "reference": "764e0b3939f5ca87cb904f570ef9be2d78a07865"
            },
            "dist": {
                "type": "zip",
                "url": "https://api.github.com/repos/php-fig/simple-cache/zipball/764e0b3939f5ca87cb904f570ef9be2d78a07865",
                "reference": "764e0b3939f5ca87cb904f570ef9be2d78a07865",
                "shasum": ""
            },
            "require": {
                "php": ">=8.0.0"
            },
            "type": "library",
            "extra": {
                "branch-alias": {
                    "dev-master": "3.0.x-dev"
                }
            },
            "autoload": {
                "psr-4": {
                    "Psr\\SimpleCache\\": "src/"
                }
            },
            "notification-url": "https://packagist.org/downloads/",
            "license": [
                "MIT"
            ],
            "authors": [
                {
                    "name": "PHP-FIG",
                    "homepage": "https://www.php-fig.org/"
                }
            ],
            "description": "Common interfaces for simple caching",
            "keywords": [
                "cache",
                "caching",
                "psr",
                "psr-16",
                "simple-cache"
            ],
            "support": {
                "source": "https://github.com/php-fig/simple-cache/tree/3.0.0"
            },
            "time": "2021-10-29T13:26:27+00:00"
        },
        {
            "name": "stefanak-michal/bolt",
            "version": "v7.1.5",
            "source": {
                "type": "git",
                "url": "https://github.com/neo4j-php/Bolt.git",
                "reference": "b4909771d4f1e77807e7a5c9a39ca6a40af656ed"
            },
            "dist": {
                "type": "zip",
                "url": "https://api.github.com/repos/neo4j-php/Bolt/zipball/b4909771d4f1e77807e7a5c9a39ca6a40af656ed",
                "reference": "b4909771d4f1e77807e7a5c9a39ca6a40af656ed",
                "shasum": ""
            },
            "require": {
                "ext-curl": "*",
                "ext-mbstring": "*",
                "php": "^8.1",
                "psr/simple-cache": "^3.0"
            },
            "require-dev": {
                "phpunit/phpunit": "^9"
            },
            "suggest": {
                "ext-openssl": "Needed when using StreamSocket connection class with SSL",
                "ext-sockets": "Needed when using Socket connection class",
                "laudis/neo4j-php-client": "Neo4j-PHP-Client is the most advanced PHP Client for Neo4j",
                "stefanak-michal/neo4j-bolt-wrapper": "Wrapper for Neo4j PHP Bolt library to simplify usage."
            },
            "type": "library",
            "autoload": {
                "psr-4": {
                    "Bolt\\": "src/"
                }
            },
            "notification-url": "https://packagist.org/downloads/",
            "license": [
                "MIT"
            ],
            "authors": [
                {
                    "name": "Michal Stefanak",
                    "homepage": "https://www.linkedin.com/in/michalstefanak/",
                    "role": "Developer"
                }
            ],
            "description": "PHP library to provide connectivity to graph database over TCP socket with Bolt specification",
            "homepage": "https://github.com/neo4j-php/Bolt",
            "keywords": [
                "Socket",
                "bolt",
                "database",
                "neo4j"
            ],
            "support": {
                "docs": "https://www.neo4j.com/docs/bolt/current/",
                "issues": "https://github.com/neo4j-php/Bolt/issues",
                "source": "https://github.com/neo4j-php/Bolt"
            },
            "funding": [
                {
                    "url": "https://ko-fi.com/michalstefanak",
                    "type": "ko-fi"
                }
            ],
            "time": "2024-11-23T06:35:11+00:00"
        }
    ],
    "packages-dev": [],
    "aliases": [],
    "minimum-stability": "stable",
    "stability-flags": {},
    "prefer-stable": false,
    "prefer-lowest": false,
    "platform": {
        "php": "^8.1"
    },
    "platform-dev": {},
    "plugin-api-version": "2.6.0"
}
